// !$*UTF8*$!
{
	archiveVersion = 1;
	classes = {
	};
	objectVersion = 46;
	objects = {

/* Begin PBXBuildFile section */
		424692E615C560E60018F5DC /* Cocoa.framework in Frameworks */ = {isa = PBXBuildFile; fileRef = 424692E515C560E60018F5DC /* Cocoa.framework */; };
		424692F015C560E60018F5DC /* InfoPlist.strings in Resources */ = {isa = PBXBuildFile; fileRef = 424692EE15C560E60018F5DC /* InfoPlist.strings */; };
		424692F215C560E60018F5DC /* main.m in Sources */ = {isa = PBXBuildFile; fileRef = 424692F115C560E60018F5DC /* main.m */; };
		424692F615C560E60018F5DC /* Credits.rtf in Resources */ = {isa = PBXBuildFile; fileRef = 424692F415C560E60018F5DC /* Credits.rtf */; };
		424692F915C560E60018F5DC /* AppDelegate.m in Sources */ = {isa = PBXBuildFile; fileRef = 424692F815C560E60018F5DC /* AppDelegate.m */; };
		424692FC15C560E60018F5DC /* MainMenu.xib in Resources */ = {isa = PBXBuildFile; fileRef = 424692FA15C560E60018F5DC /* MainMenu.xib */; };
		424692FF15C560E60018F5DC /* KK.xcdatamodeld in Sources */ = {isa = PBXBuildFile; fileRef = 424692FD15C560E60018F5DC /* KK.xcdatamodeld */; };
/* End PBXBuildFile section */

/* Begin PBXFileReference section */
		424692E115C560E60018F5DC /* KK.app */ = {isa = PBXFileReference; explicitFileType = wrapper.application; includeInIndex = 0; path = KK.app; sourceTree = BUILT_PRODUCTS_DIR; };
		424692E515C560E60018F5DC /* Cocoa.framework */ = {isa = PBXFileReference; lastKnownFileType = wrapper.framework; name = Cocoa.framework; path = System/Library/Frameworks/Cocoa.framework; sourceTree = SDKROOT; };
		424692E815C560E60018F5DC /* AppKit.framework */ = {isa = PBXFileReference; lastKnownFileType = wrapper.framework; name = AppKit.framework; path = System/Library/Frameworks/AppKit.framework; sourceTree = SDKROOT; };
		424692E915C560E60018F5DC /* CoreData.framework */ = {isa = PBXFileReference; lastKnownFileType = wrapper.framework; name = CoreData.framework; path = System/Library/Frameworks/CoreData.framework; sourceTree = SDKROOT; };
		424692EA15C560E60018F5DC /* Foundation.framework */ = {isa = PBXFileReference; lastKnownFileType = wrapper.framework; name = Foundation.framework; path = System/Library/Frameworks/Foundation.framework; sourceTree = SDKROOT; };
		424692ED15C560E60018F5DC /* KK-Info.plist */ = {isa = PBXFileReference; lastKnownFileType = text.plist.xml; path = "KK-Info.plist"; sourceTree = "<group>"; };
		424692EF15C560E60018F5DC /* en */ = {isa = PBXFileReference; lastKnownFileType = text.plist.strings; name = en; path = en.lproj/InfoPlist.strings; sourceTree = "<group>"; };
		424692F115C560E60018F5DC /* main.m */ = {isa = PBXFileReference; lastKnownFileType = sourcecode.c.objc; path = main.m; sourceTree = "<group>"; };
		424692F315C560E60018F5DC /* KK-Prefix.pch */ = {isa = PBXFileReference; lastKnownFileType = sourcecode.c.h; path = "KK-Prefix.pch"; sourceTree = "<group>"; };
		424692F515C560E60018F5DC /* en */ = {isa = PBXFileReference; lastKnownFileType = text.rtf; name = en; path = en.lproj/Credits.rtf; sourceTree = "<group>"; };
		424692F715C560E60018F5DC /* AppDelegate.h */ = {isa = PBXFileReference; lastKnownFileType = sourcecode.c.h; path = AppDelegate.h; sourceTree = "<group>"; };
		424692F815C560E60018F5DC /* AppDelegate.m */ = {isa = PBXFileReference; lastKnownFileType = sourcecode.c.objc; path = AppDelegate.m; sourceTree = "<group>"; };
		424692FB15C560E60018F5DC /* en */ = {isa = PBXFileReference; lastKnownFileType = file.xib; name = en; path = en.lproj/MainMenu.xib; sourceTree = "<group>"; };
		424692FE15C560E60018F5DC /* KK.xcdatamodel */ = {isa = PBXFileReference; lastKnownFileType = wrapper.xcdatamodel; path = KK.xcdatamodel; sourceTree = "<group>"; };
/* End PBXFileReference section */

/* Begin PBXFrameworksBuildPhase section */
		424692DE15C560E60018F5DC /* Frameworks */ = {
			isa = PBXFrameworksBuildPhase;
			buildActionMask = 2147483647;
			files = (
				424692E615C560E60018F5DC /* Cocoa.framework in Frameworks */,
			);
			runOnlyForDeploymentPostprocessing = 0;
		};
/* End PBXFrameworksBuildPhase section */

/* Begin PBXGroup section */
		424692D615C560E60018F5DC = {
			isa = PBXGroup;
			children = (
				424692EB15C560E60018F5DC /* KK */,
				424692E415C560E60018F5DC /* Frameworks */,
				424692E215C560E60018F5DC /* Products */,
			);
			sourceTree = "<group>";
		};
		424692E215C560E60018F5DC /* Products */ = {
			isa = PBXGroup;
			children = (
				424692E115C560E60018F5DC /* KK.app */,
			);
			name = Products;
			sourceTree = "<group>";
		};
		424692E415C560E60018F5DC /* Frameworks */ = {
			isa = PBXGroup;
			children = (
				424692E515C560E60018F5DC /* Cocoa.framework */,
				424692E715C560E60018F5DC /* Other Frameworks */,
			);
			name = Frameworks;
			sourceTree = "<group>";
		};
		424692E715C560E60018F5DC /* Other Frameworks */ = {
			isa = PBXGroup;
			children = (
				424692E815C560E60018F5DC /* AppKit.framework */,
				424692E915C560E60018F5DC /* CoreData.framework */,
				424692EA15C560E60018F5DC /* Foundation.framework */,
			);
			name = "Other Frameworks";
			sourceTree = "<group>";
		};
		424692EB15C560E60018F5DC /* KK */ = {
			isa = PBXGroup;
			children = (
				424692F715C560E60018F5DC /* AppDelegate.h */,
				424692F815C560E60018F5DC /* AppDelegate.m */,
				424692FA15C560E60018F5DC /* MainMenu.xib */,
				424692FD15C560E60018F5DC /* KK.xcdatamodeld */,
				424692EC15C560E60018F5DC /* Supporting Files */,
			);
			path = KK;
			sourceTree = "<group>";
		};
		424692EC15C560E60018F5DC /* Supporting Files */ = {
			isa = PBXGroup;
			children = (
				424692ED15C560E60018F5DC /* KK-Info.plist */,
				424692EE15C560E60018F5DC /* InfoPlist.strings */,
				424692F115C560E60018F5DC /* main.m */,
				424692F315C560E60018F5DC /* KK-Prefix.pch */,
				424692F415C560E60018F5DC /* Credits.rtf */,
			);
			name = "Supporting Files";
			sourceTree = "<group>";
		};
/* End PBXGroup section */

/* Begin PBXNativeTarget section */
		424692E015C560E60018F5DC /* KK */ = {
			isa = PBXNativeTarget;
			buildConfigurationList = 4246930215C560E60018F5DC /* Build configuration list for PBXNativeTarget "KK" */;
			buildPhases = (
				424692DD15C560E60018F5DC /* Sources */,
				424692DE15C560E60018F5DC /* Frameworks */,
				424692DF15C560E60018F5DC /* Resources */,
			);
			buildRules = (
			);
			dependencies = (
			);
			name = KK;
			productName = KK;
			productReference = 424692E115C560E60018F5DC /* KK.app */;
			productType = "com.apple.product-type.application";
		};
/* End PBXNativeTarget section */

/* Begin PBXProject section */
		424692D815C560E60018F5DC /* Project object */ = {
			isa = PBXProject;
			attributes = {
				LastUpgradeCheck = 0440;
				ORGANIZATIONNAME = "Jose Zarzuela";
			};
			buildConfigurationList = 424692DB15C560E60018F5DC /* Build configuration list for PBXProject "KK" */;
			compatibilityVersion = "Xcode 3.2";
			developmentRegion = English;
			hasScannedForEncodings = 0;
			knownRegions = (
				en,
			);
			mainGroup = 424692D615C560E60018F5DC;
			productRefGroup = 424692E215C560E60018F5DC /* Products */;
			projectDirPath = "";
			projectRoot = "";
			targets = (
				424692E015C560E60018F5DC /* KK */,
			);
		};
/* End PBXProject section */

/* Begin PBXResourcesBuildPhase section */
		424692DF15C560E60018F5DC /* Resources */ = {
			isa = PBXResourcesBuildPhase;
			buildActionMask = 2147483647;
			files = (
				424692F015C560E60018F5DC /* InfoPlist.strings in Resources */,
				424692F615C560E60018F5DC /* Credits.rtf in Resources */,
				424692FC15C560E60018F5DC /* MainMenu.xib in Resources */,
			);
			runOnlyForDeploymentPostprocessing = 0;
		};
/* End PBXResourcesBuildPhase section */

/* Begin PBXSourcesBuildPhase section */
		424692DD15C560E60018F5DC /* Sources */ = {
			isa = PBXSourcesBuildPhase;
			buildActionMask = 2147483647;
			files = (
				424692F215C560E60018F5DC /* main.m in Sources */,
				424692F915C560E60018F5DC /* AppDelegate.m in Sources */,
				424692FF15C560E60018F5DC /* KK.xcdatamodeld in Sources */,
			);
			runOnlyForDeploymentPostprocessing = 0;
		};
/* End PBXSourcesBuildPhase section */

/* Begin PBXVariantGroup section */
		424692EE15C560E60018F5DC /* InfoPlist.strings */ = {
			isa = PBXVariantGroup;
			children = (
				424692EF15C560E60018F5DC /* en */,
			);
			name = InfoPlist.strings;
			sourceTree = "<group>";
		};
		424692F415C560E60018F5DC /* Credits.rtf */ = {
			isa = PBXVariantGroup;
			children = (
				424692F515C560E60018F5DC /* en */,
			);
			name = Credits.rtf;
			sourceTree = "<group>";
		};
		424692FA15C560E60018F5DC /* MainMenu.xib */ = {
			isa = PBXVariantGroup;
			children = (
				424692FB15C560E60018F5DC /* en */,
			);
			name = MainMenu.xib;
			sourceTree = "<group>";
		};
/* End PBXVariantGroup section */

/* Begin XCBuildConfiguration section */
		4246930015C560E60018F5DC /* Debug */ = {
			isa = XCBuildConfiguration;
			buildSettings = {
				ALWAYS_SEARCH_USER_PATHS = NO;
				ARCHS = "$(ARCHS_STANDARD_64_BIT)";
				CLANG_CXX_LANGUAGE_STANDARD = "gnu++0x";
				CLANG_ENABLE_OBJC_ARC = YES;
				CLANG_WARN__DUPLICATE_METHOD_MATCH = YES;
				COPY_PHASE_STRIP = NO;
				GCC_C_LANGUAGE_STANDARD = gnu99;
				GCC_DYNAMIC_NO_PIC = NO;
				GCC_ENABLE_OBJC_EXCEPTIONS = YES;
				GCC_OPTIMIZATION_LEVEL = 0;
				GCC_PREPROCESSOR_DEFINITIONS = (
					"DEBUG=1",
					"$(inherited)",
				);
				GCC_SYMBOLS_PRIVATE_EXTERN = NO;
				GCC_WARN_64_TO_32_BIT_CONVERSION = YES;
				GCC_WARN_ABOUT_RETURN_TYPE = YES;
				GCC_WARN_UNINITIALIZED_AUTOS = YES;
				GCC_WARN_UNUSED_VARIABLE = YES;
				MACOSX_DEPLOYMENT_TARGET = 10.7;
				ONLY_ACTIVE_ARCH = YES;
				SDKROOT = macosx;
			};
			name = Debug;
		};
		4246930115C560E60018F5DC /* Release */ = {
			isa = XCBuildConfiguration;
			buildSettings = {
				ALWAYS_SEARCH_USER_PATHS = NO;
				ARCHS = "$(ARCHS_STANDARD_64_BIT)";
				CLANG_CXX_LANGUAGE_STANDARD = "gnu++0x";
				CLANG_ENABLE_OBJC_ARC = YES;
				CLANG_WARN__DUPLICATE_METHOD_MATCH = YES;
				COPY_PHASE_STRIP = YES;
				DEBUG_INFORMATION_FORMAT = "dwarf-with-dsym";
				GCC_C_LANGUAGE_STANDARD = gnu99;
				GCC_ENABLE_OBJC_EXCEPTIONS = YES;
				GCC_WARN_64_TO_32_BIT_CONVERSION = YES;
				GCC_WARN_ABOUT_RETURN_TYPE = YES;
				GCC_WARN_UNINITIALIZED_AUTOS = YES;
				GCC_WARN_UNUSED_VARIABLE = YES;
				MACOSX_DEPLOYMENT_TARGET = 10.7;
				SDKROOT = macosx;
			};
			name = Release;
		};
		4246930315C560E60018F5DC /* Debug */ = {
			isa = XCBuildConfiguration;
			buildSettings = {
				COMBINE_HIDPI_IMAGES = YES;
				GCC_PRECOMPILE_PREFIX_HEADER = YES;
				GCC_PREFIX_HEADER = "KK/KK-Prefix.pch";
				INFOPLIST_FILE = "KK/KK-Info.plist";
				PRODUCT_NAME = "$(TARGET_NAME)";
				WRAPPER_EXTENSION = app;
			};
			name = Debug;
		};
		4246930415C560E60018F5DC /* Release */ = {
			isa = XCBuildConfiguration;
			buildSettings = {
				COMBINE_HIDPI_IMAGES = YES;
				GCC_PRECOMPILE_PREFIX_HEADER = YES;
				GCC_PREFIX_HEADER = "KK/KK-Prefix.pch";
				INFOPLIST_FILE = "KK/KK-Info.plist";
				PRODUCT_NAME = "$(TARGET_NAME)";
				WRAPPER_EXTENSION = app;
			};
			name = Release;
		};
/* End XCBuildConfiguration section */

/* Begin XCConfigurationList section */
		424692DB15C560E60018F5DC /* Build configuration list for PBXProject "KK" */ = {
			isa = XCConfigurationList;
			buildConfigurations = (
				4246930015C560E60018F5DC /* Debug */,
				4246930115C560E60018F5DC /* Release */,
			);
			defaultConfigurationIsVisible = 0;
			defaultConfigurationName = Release;
		};
		4246930215C560E60018F5DC /* Build configuration list for PBXNativeTarget "KK" */ = {
			isa = XCConfigurationList;
			buildConfigurations = (
				4246930315C560E60018F5DC /* Debug */,
				4246930415C560E60018F5DC /* Release */,
			);
			defaultConfigurationIsVisible = 0;
		};
/* End XCConfigurationList section */

/* Begin XCVersionGroup section */
		424692FD15C560E60018F5DC /* KK.xcdatamodeld */ = {
			isa = XCVersionGroup;
			children = (
				424692FE15C560E60018F5DC /* KK.xcdatamodel */,
			);
			currentVersion = 424692FE15C560E60018F5DC /* KK.xcdatamodel */;
			path = KK.xcdatamodeld;
			sourceTree = "<group>";
			versionGroupType = wrapper.xcdatamodel;
		};
/* End XCVersionGroup section */
	};
	rootObject = 424692D815C560E60018F5DC /* Project object */;
}
